
Microsoft Visual Studio Solution File, Format Version 12.00
# Visual Studio 15
Project("{FAE04EC0-301F-11D3-BF4B-00C04F79EFBC}") = "Assembly-CSharp", "Assembly-CSharp.csproj", "{3BC4A041-14DD-EB08-1F1C-8EF0D1768CEA}"
EndProject
Project("{FAE04EC0-301F-11D3-BF4B-00C04F79EFBC}") = "MK.Toon.Editor", "MK.Toon.Editor.csproj", "{A5F0169E-12DC-6DEC-701E-A27C7FCA1BCC}"
EndProject
Project("{FAE04EC0-301F-11D3-BF4B-00C04F79EFBC}") = "MK.RampCreator", "MK.RampCreator.csproj", "{0739990F-4019-D55A-B85F-58BF040BD163}"
EndProject
Project("{FAE04EC0-301F-11D3-BF4B-00C04F79EFBC}") = "MK.Toon", "MK.Toon.csproj", "{37066AC1-D759-976E-A071-E42C972E1DC2}"
EndProject
Project("{FAE04EC0-301F-11D3-BF4B-00C04F79EFBC}") = "NativeGallery.Editor", "NativeGallery.Editor.csproj", "{BA2548B2-2021-1405-B0E1-DBE2A39699C6}"
EndProject
Project("{FAE04EC0-301F-11D3-BF4B-00C04F79EFBC}") = "MK.Toon.URP.Editor", "MK.Toon.URP.Editor.csproj", "{E092B727-FF55-C67A-D0E4-DCC47E8A1351}"
EndProject
Project("{FAE04EC0-301F-11D3-BF4B-00C04F79EFBC}") = "NativeGallery.Runtime", "NativeGallery.Runtime.csproj", "{350DC3DA-7FF7-8E4F-8312-CE0862A41F01}"
EndProject
Project("{FAE04EC0-301F-11D3-BF4B-00C04F79EFBC}") = "MK.MKTextureChannelPacker", "MK.MKTextureChannelPacker.csproj", "{619E10D0-383B-5498-A41F-55FE88B797A8}"
EndProject
Project("{FAE04EC0-301F-11D3-BF4B-00C04F79EFBC}") = "MK.MeshUtility", "MK.MeshUtility.csproj", "{6D328AA8-5E35-222F-5D70-C1B737B9A864}"
EndProject
Project("{FAE04EC0-301F-11D3-BF4B-00C04F79EFBC}") = "MK.Toon.URP", "MK.Toon.URP.csproj", "{1FC03243-EDD8-1D32-D1C0-1313F0A267F8}"
EndProject
Global
	GlobalSection(SolutionConfigurationPlatforms) = preSolution
		Debug|Any CPU = Debug|Any CPU
		Release|Any CPU = Release|Any CPU
	EndGlobalSection
	GlobalSection(ProjectConfigurationPlatforms) = postSolution
		{3BC4A041-14DD-EB08-1F1C-8EF0D1768CEA}.Debug|Any CPU.ActiveCfg = Debug|Any CPU
		{3BC4A041-14DD-EB08-1F1C-8EF0D1768CEA}.Debug|Any CPU.Build.0 = Debug|Any CPU
		{3BC4A041-14DD-EB08-1F1C-8EF0D1768CEA}.Release|Any CPU.ActiveCfg = Release|Any CPU
		{3BC4A041-14DD-EB08-1F1C-8EF0D1768CEA}.Release|Any CPU.Build.0 = Release|Any CPU
		{A5F0169E-12DC-6DEC-701E-A27C7FCA1BCC}.Debug|Any CPU.ActiveCfg = Debug|Any CPU
		{A5F0169E-12DC-6DEC-701E-A27C7FCA1BCC}.Debug|Any CPU.Build.0 = Debug|Any CPU
		{A5F0169E-12DC-6DEC-701E-A27C7FCA1BCC}.Release|Any CPU.ActiveCfg = Release|Any CPU
		{A5F0169E-12DC-6DEC-701E-A27C7FCA1BCC}.Release|Any CPU.Build.0 = Release|Any CPU
		{0739990F-4019-D55A-B85F-58BF040BD163}.Debug|Any CPU.ActiveCfg = Debug|Any CPU
		{0739990F-4019-D55A-B85F-58BF040BD163}.Debug|Any CPU.Build.0 = Debug|Any CPU
		{0739990F-4019-D55A-B85F-58BF040BD163}.Release|Any CPU.ActiveCfg = Release|Any CPU
		{0739990F-4019-D55A-B85F-58BF040BD163}.Release|Any CPU.Build.0 = Release|Any CPU
		{37066AC1-D759-976E-A071-E42C972E1DC2}.Debug|Any CPU.ActiveCfg = Debug|Any CPU
		{37066AC1-D759-976E-A071-E42C972E1DC2}.Debug|Any CPU.Build.0 = Debug|Any CPU
		{37066AC1-D759-976E-A071-E42C972E1DC2}.Release|Any CPU.ActiveCfg = Release|Any CPU
		{37066AC1-D759-976E-A071-E42C972E1DC2}.Release|Any CPU.Build.0 = Release|Any CPU
		{BA2548B2-2021-1405-B0E1-DBE2A39699C6}.Debug|Any CPU.ActiveCfg = Debug|Any CPU
		{BA2548B2-2021-1405-B0E1-DBE2A39699C6}.Debug|Any CPU.Build.0 = Debug|Any CPU
		{BA2548B2-2021-1405-B0E1-DBE2A39699C6}.Release|Any CPU.ActiveCfg = Release|Any CPU
		{BA2548B2-2021-1405-B0E1-DBE2A39699C6}.Release|Any CPU.Build.0 = Release|Any CPU
		{E092B727-FF55-C67A-D0E4-DCC47E8A1351}.Debug|Any CPU.ActiveCfg = Debug|Any CPU
		{E092B727-FF55-C67A-D0E4-DCC47E8A1351}.Debug|Any CPU.Build.0 = Debug|Any CPU
		{E092B727-FF55-C67A-D0E4-DCC47E8A1351}.Release|Any CPU.ActiveCfg = Release|Any CPU
		{E092B727-FF55-C67A-D0E4-DCC47E8A1351}.Release|Any CPU.Build.0 = Release|Any CPU
		{350DC3DA-7FF7-8E4F-8312-CE0862A41F01}.Debug|Any CPU.ActiveCfg = Debug|Any CPU
		{350DC3DA-7FF7-8E4F-8312-CE0862A41F01}.Debug|Any CPU.Build.0 = Debug|Any CPU
		{350DC3DA-7FF7-8E4F-8312-CE0862A41F01}.Release|Any CPU.ActiveCfg = Release|Any CPU
		{350DC3DA-7FF7-8E4F-8312-CE0862A41F01}.Release|Any CPU.Build.0 = Release|Any CPU
		{619E10D0-383B-5498-A41F-55FE88B797A8}.Debug|Any CPU.ActiveCfg = Debug|Any CPU
		{619E10D0-383B-5498-A41F-55FE88B797A8}.Debug|Any CPU.Build.0 = Debug|Any CPU
		{619E10D0-383B-5498-A41F-55FE88B797A8}.Release|Any CPU.ActiveCfg = Release|Any CPU
		{619E10D0-383B-5498-A41F-55FE88B797A8}.Release|Any CPU.Build.0 = Release|Any CPU
		{6D328AA8-5E35-222F-5D70-C1B737B9A864}.Debug|Any CPU.ActiveCfg = Debug|Any CPU
		{6D328AA8-5E35-222F-5D70-C1B737B9A864}.Debug|Any CPU.Build.0 = Debug|Any CPU
		{6D328AA8-5E35-222F-5D70-C1B737B9A864}.Release|Any CPU.ActiveCfg = Release|Any CPU
		{6D328AA8-5E35-222F-5D70-C1B737B9A864}.Release|Any CPU.Build.0 = Release|Any CPU
		{1FC03243-EDD8-1D32-D1C0-1313F0A267F8}.Debug|Any CPU.ActiveCfg = Debug|Any CPU
		{1FC03243-EDD8-1D32-D1C0-1313F0A267F8}.Debug|Any CPU.Build.0 = Debug|Any CPU
		{1FC03243-EDD8-1D32-D1C0-1313F0A267F8}.Release|Any CPU.ActiveCfg = Release|Any CPU
		{1FC03243-EDD8-1D32-D1C0-1313F0A267F8}.Release|Any CPU.Build.0 = Release|Any CPU
	EndGlobalSection
	GlobalSection(SolutionProperties) = preSolution
		HideSolutionNode = FALSE
	EndGlobalSection
EndGlobal
