
Microsoft Visual Studio Solution File, Format Version 12.00
# Visual Studio 15
Project("{FAE04EC0-301F-11D3-BF4B-00C04F79EFBC}") = "Assembly-CSharp", "Assembly-CSharp.csproj", "{381B0C00-786A-619A-E43D-58D03F7D7012}"
EndProject
Project("{FAE04EC0-301F-11D3-BF4B-00C04F79EFBC}") = "MK.Toon.Editor", "MK.Toon.Editor.csproj", "{D8B12CC7-4CC1-5FA5-A512-ACE4E8F6E9BB}"
EndProject
Project("{FAE04EC0-301F-11D3-BF4B-00C04F79EFBC}") = "MK.RampCreator", "MK.RampCreator.csproj", "{EF07FA26-A9CB-2ABE-78AF-7843130EDB69}"
EndProject
Project("{FAE04EC0-301F-11D3-BF4B-00C04F79EFBC}") = "MK.Toon", "MK.Toon.csproj", "{B74A761D-A654-5371-0864-3B2A27B53593}"
EndProject
Project("{FAE04EC0-301F-11D3-BF4B-00C04F79EFBC}") = "NativeGallery.Editor", "NativeGallery.Editor.csproj", "{1DAA25FE-B37C-49BE-0F93-EFB823A7394D}"
EndProject
Project("{FAE04EC0-301F-11D3-BF4B-00C04F79EFBC}") = "MK.Toon.URP.Editor", "MK.Toon.URP.Editor.csproj", "{3F29C484-28FC-3CD6-E4F1-F857045286AD}"
EndProject
Project("{FAE04EC0-301F-11D3-BF4B-00C04F79EFBC}") = "NativeGallery.Runtime", "NativeGallery.Runtime.csproj", "{D4BCFEC5-DFA1-F3D1-18FB-9B46D69577BB}"
EndProject
Project("{FAE04EC0-301F-11D3-BF4B-00C04F79EFBC}") = "MK.MKTextureChannelPacker", "MK.MKTextureChannelPacker.csproj", "{476367A1-90DA-BD0F-FE87-076099D79856}"
EndProject
Project("{FAE04EC0-301F-11D3-BF4B-00C04F79EFBC}") = "MK.MeshUtility", "MK.MeshUtility.csproj", "{90D7A8A6-B3B6-7474-81EB-7DD095266D4A}"
EndProject
Project("{FAE04EC0-301F-11D3-BF4B-00C04F79EFBC}") = "MK.Toon.URP", "MK.Toon.URP.csproj", "{D9C4FA41-C1CD-F5B0-BCF2-0D3F02C66FBF}"
EndProject
Global
	GlobalSection(SolutionConfigurationPlatforms) = preSolution
		Debug|Any CPU = Debug|Any CPU
		Release|Any CPU = Release|Any CPU
	EndGlobalSection
	GlobalSection(ProjectConfigurationPlatforms) = postSolution
		{381B0C00-786A-619A-E43D-58D03F7D7012}.Debug|Any CPU.ActiveCfg = Debug|Any CPU
		{381B0C00-786A-619A-E43D-58D03F7D7012}.Debug|Any CPU.Build.0 = Debug|Any CPU
		{381B0C00-786A-619A-E43D-58D03F7D7012}.Release|Any CPU.ActiveCfg = Release|Any CPU
		{381B0C00-786A-619A-E43D-58D03F7D7012}.Release|Any CPU.Build.0 = Release|Any CPU
		{D8B12CC7-4CC1-5FA5-A512-ACE4E8F6E9BB}.Debug|Any CPU.ActiveCfg = Debug|Any CPU
		{D8B12CC7-4CC1-5FA5-A512-ACE4E8F6E9BB}.Debug|Any CPU.Build.0 = Debug|Any CPU
		{D8B12CC7-4CC1-5FA5-A512-ACE4E8F6E9BB}.Release|Any CPU.ActiveCfg = Release|Any CPU
		{D8B12CC7-4CC1-5FA5-A512-ACE4E8F6E9BB}.Release|Any CPU.Build.0 = Release|Any CPU
		{EF07FA26-A9CB-2ABE-78AF-7843130EDB69}.Debug|Any CPU.ActiveCfg = Debug|Any CPU
		{EF07FA26-A9CB-2ABE-78AF-7843130EDB69}.Debug|Any CPU.Build.0 = Debug|Any CPU
		{EF07FA26-A9CB-2ABE-78AF-7843130EDB69}.Release|Any CPU.ActiveCfg = Release|Any CPU
		{EF07FA26-A9CB-2ABE-78AF-7843130EDB69}.Release|Any CPU.Build.0 = Release|Any CPU
		{B74A761D-A654-5371-0864-3B2A27B53593}.Debug|Any CPU.ActiveCfg = Debug|Any CPU
		{B74A761D-A654-5371-0864-3B2A27B53593}.Debug|Any CPU.Build.0 = Debug|Any CPU
		{B74A761D-A654-5371-0864-3B2A27B53593}.Release|Any CPU.ActiveCfg = Release|Any CPU
		{B74A761D-A654-5371-0864-3B2A27B53593}.Release|Any CPU.Build.0 = Release|Any CPU
		{1DAA25FE-B37C-49BE-0F93-EFB823A7394D}.Debug|Any CPU.ActiveCfg = Debug|Any CPU
		{1DAA25FE-B37C-49BE-0F93-EFB823A7394D}.Debug|Any CPU.Build.0 = Debug|Any CPU
		{1DAA25FE-B37C-49BE-0F93-EFB823A7394D}.Release|Any CPU.ActiveCfg = Release|Any CPU
		{1DAA25FE-B37C-49BE-0F93-EFB823A7394D}.Release|Any CPU.Build.0 = Release|Any CPU
		{3F29C484-28FC-3CD6-E4F1-F857045286AD}.Debug|Any CPU.ActiveCfg = Debug|Any CPU
		{3F29C484-28FC-3CD6-E4F1-F857045286AD}.Debug|Any CPU.Build.0 = Debug|Any CPU
		{3F29C484-28FC-3CD6-E4F1-F857045286AD}.Release|Any CPU.ActiveCfg = Release|Any CPU
		{3F29C484-28FC-3CD6-E4F1-F857045286AD}.Release|Any CPU.Build.0 = Release|Any CPU
		{D4BCFEC5-DFA1-F3D1-18FB-9B46D69577BB}.Debug|Any CPU.ActiveCfg = Debug|Any CPU
		{D4BCFEC5-DFA1-F3D1-18FB-9B46D69577BB}.Debug|Any CPU.Build.0 = Debug|Any CPU
		{D4BCFEC5-DFA1-F3D1-18FB-9B46D69577BB}.Release|Any CPU.ActiveCfg = Release|Any CPU
		{D4BCFEC5-DFA1-F3D1-18FB-9B46D69577BB}.Release|Any CPU.Build.0 = Release|Any CPU
		{476367A1-90DA-BD0F-FE87-076099D79856}.Debug|Any CPU.ActiveCfg = Debug|Any CPU
		{476367A1-90DA-BD0F-FE87-076099D79856}.Debug|Any CPU.Build.0 = Debug|Any CPU
		{476367A1-90DA-BD0F-FE87-076099D79856}.Release|Any CPU.ActiveCfg = Release|Any CPU
		{476367A1-90DA-BD0F-FE87-076099D79856}.Release|Any CPU.Build.0 = Release|Any CPU
		{90D7A8A6-B3B6-7474-81EB-7DD095266D4A}.Debug|Any CPU.ActiveCfg = Debug|Any CPU
		{90D7A8A6-B3B6-7474-81EB-7DD095266D4A}.Debug|Any CPU.Build.0 = Debug|Any CPU
		{90D7A8A6-B3B6-7474-81EB-7DD095266D4A}.Release|Any CPU.ActiveCfg = Release|Any CPU
		{90D7A8A6-B3B6-7474-81EB-7DD095266D4A}.Release|Any CPU.Build.0 = Release|Any CPU
		{D9C4FA41-C1CD-F5B0-BCF2-0D3F02C66FBF}.Debug|Any CPU.ActiveCfg = Debug|Any CPU
		{D9C4FA41-C1CD-F5B0-BCF2-0D3F02C66FBF}.Debug|Any CPU.Build.0 = Debug|Any CPU
		{D9C4FA41-C1CD-F5B0-BCF2-0D3F02C66FBF}.Release|Any CPU.ActiveCfg = Release|Any CPU
		{D9C4FA41-C1CD-F5B0-BCF2-0D3F02C66FBF}.Release|Any CPU.Build.0 = Release|Any CPU
	EndGlobalSection
	GlobalSection(SolutionProperties) = preSolution
		HideSolutionNode = FALSE
	EndGlobalSection
EndGlobal
